// !$*UTF8*$!
{
	archiveVersion = 1;
	classes = {
	};
	objectVersion = 46;
	objects = {

/* Begin PBXBuildFile section */
		A5D076B61CA42241003528EE /* Main.storyboard in Resources */ = {isa = PBXBuildFile; fileRef = A5D076B41CA42241003528EE /* Main.storyboard */; };
		A5D076B81CA42241003528EE /* Assets.xcassets in Resources */ = {isa = PBXBuildFile; fileRef = A5D076B71CA42241003528EE /* Assets.xcassets */; };
		A5D076BB1CA42241003528EE /* LaunchScreen.storyboard in Resources */ = {isa = PBXBuildFile; fileRef = A5D076B91CA42241003528EE /* LaunchScreen.storyboard */; };
		A5D076DC1CA42262003528EE /* OtherViewController.m in Sources */ = {isa = PBXBuildFile; fileRef = A5D076D21CA42262003528EE /* OtherViewController.m */; };
		A5D076DD1CA42262003528EE /* ViewController.swift in Sources */ = {isa = PBXBuildFile; fileRef = A5D076D31CA42262003528EE /* ViewController.swift */; };
		A5D076F71CA4234E003528EE /* DifferentXibNameView.xib in Resources */ = {isa = PBXBuildFile; fileRef = A5D076F01CA4234E003528EE /* DifferentXibNameView.xib */; };
		A5D076F81CA4234E003528EE /* MismatchingTypeXibView.swift in Sources */ = {isa = PBXBuildFile; fileRef = A5D076F11CA4234E003528EE /* MismatchingTypeXibView.swift */; };
		A5D076F91CA4234E003528EE /* MismatchingTypeXibView.xib in Resources */ = {isa = PBXBuildFile; fileRef = A5D076F21CA4234E003528EE /* MismatchingTypeXibView.xib */; };
		A5D076FA1CA4234E003528EE /* MissingXibView.swift in Sources */ = {isa = PBXBuildFile; fileRef = A5D076F31CA4234E003528EE /* MissingXibView.swift */; };
		A5D076FB1CA4234E003528EE /* SameNameView.swift in Sources */ = {isa = PBXBuildFile; fileRef = A5D076F41CA4234E003528EE /* SameNameView.swift */; };
		A5D076FC1CA4234E003528EE /* SameNameView.xib in Resources */ = {isa = PBXBuildFile; fileRef = A5D076F51CA4234E003528EE /* SameNameView.xib */; };
		A5D076FD1CA42357003528EE /* DifferentNameView.swift in Sources */ = {isa = PBXBuildFile; fileRef = A5D076EF1CA4234E003528EE /* DifferentNameView.swift */; };
		A5D077011CA42489003528EE /* UIView+NibExtension.swift in Sources */ = {isa = PBXBuildFile; fileRef = A5D077001CA42489003528EE /* UIView+NibExtension.swift */; };
		A5FAB02F1CB93B1800E50FFF /* UIViewNibExtensionTests.swift in Sources */ = {isa = PBXBuildFile; fileRef = A5FAB02E1CB93B1800E50FFF /* UIViewNibExtensionTests.swift */; };
		A5FAB0311CB93B7100E50FFF /* AppDelegate.swift in Sources */ = {isa = PBXBuildFile; fileRef = A5FAB0301CB93B7100E50FFF /* AppDelegate.swift */; };
/* End PBXBuildFile section */

/* Begin PBXContainerItemProxy section */
		A5D076C21CA42242003528EE /* PBXContainerItemProxy */ = {
			isa = PBXContainerItemProxy;
			containerPortal = A5D076A01CA42241003528EE /* Project object */;
			proxyType = 1;
			remoteGlobalIDString = A5D076A71CA42241003528EE;
			remoteInfo = UIViewNibExtensionsExample;
		};
/* End PBXContainerItemProxy section */

/* Begin PBXFileReference section */
		A59FC1C01FB5DBD10089D00B /* RMUIViewNibExtension.podspec */ = {isa = PBXFileReference; lastKnownFileType = text; path = RMUIViewNibExtension.podspec; sourceTree = "<group>"; };
		A5D076A81CA42241003528EE /* UIViewNibExtensionsExample.app */ = {isa = PBXFileReference; explicitFileType = wrapper.application; includeInIndex = 0; path = UIViewNibExtensionsExample.app; sourceTree = BUILT_PRODUCTS_DIR; };
		A5D076B51CA42241003528EE /* Base */ = {isa = PBXFileReference; lastKnownFileType = file.storyboard; name = Base; path = Base.lproj/Main.storyboard; sourceTree = "<group>"; };
		A5D076B71CA42241003528EE /* Assets.xcassets */ = {isa = PBXFileReference; lastKnownFileType = folder.assetcatalog; path = Assets.xcassets; sourceTree = "<group>"; };
		A5D076BA1CA42241003528EE /* Base */ = {isa = PBXFileReference; lastKnownFileType = file.storyboard; name = Base; path = Base.lproj/LaunchScreen.storyboard; sourceTree = "<group>"; };
		A5D076BC1CA42241003528EE /* Info.plist */ = {isa = PBXFileReference; lastKnownFileType = text.plist.xml; path = Info.plist; sourceTree = "<group>"; };
		A5D076C11CA42242003528EE /* UIViewNibExtensionsExampleTests.xctest */ = {isa = PBXFileReference; explicitFileType = wrapper.cfbundle; includeInIndex = 0; path = UIViewNibExtensionsExampleTests.xctest; sourceTree = BUILT_PRODUCTS_DIR; };
		A5D076C71CA42242003528EE /* Info.plist */ = {isa = PBXFileReference; lastKnownFileType = text.plist.xml; path = Info.plist; sourceTree = "<group>"; };
		A5D076D11CA42262003528EE /* OtherViewController.h */ = {isa = PBXFileReference; fileEncoding = 4; lastKnownFileType = sourcecode.c.h; path = OtherViewController.h; sourceTree = "<group>"; };
		A5D076D21CA42262003528EE /* OtherViewController.m */ = {isa = PBXFileReference; fileEncoding = 4; lastKnownFileType = sourcecode.c.objc; path = OtherViewController.m; sourceTree = "<group>"; };
		A5D076D31CA42262003528EE /* ViewController.swift */ = {isa = PBXFileReference; fileEncoding = 4; lastKnownFileType = sourcecode.swift; path = ViewController.swift; sourceTree = "<group>"; };
		A5D076EF1CA4234E003528EE /* DifferentNameView.swift */ = {isa = PBXFileReference; fileEncoding = 4; lastKnownFileType = sourcecode.swift; path = DifferentNameView.swift; sourceTree = "<group>"; };
		A5D076F01CA4234E003528EE /* DifferentXibNameView.xib */ = {isa = PBXFileReference; fileEncoding = 4; lastKnownFileType = file.xib; path = DifferentXibNameView.xib; sourceTree = "<group>"; };
		A5D076F11CA4234E003528EE /* MismatchingTypeXibView.swift */ = {isa = PBXFileReference; fileEncoding = 4; lastKnownFileType = sourcecode.swift; path = MismatchingTypeXibView.swift; sourceTree = "<group>"; };
		A5D076F21CA4234E003528EE /* MismatchingTypeXibView.xib */ = {isa = PBXFileReference; fileEncoding = 4; lastKnownFileType = file.xib; path = MismatchingTypeXibView.xib; sourceTree = "<group>"; };
		A5D076F31CA4234E003528EE /* MissingXibView.swift */ = {isa = PBXFileReference; fileEncoding = 4; lastKnownFileType = sourcecode.swift; path = MissingXibView.swift; sourceTree = "<group>"; };
		A5D076F41CA4234E003528EE /* SameNameView.swift */ = {isa = PBXFileReference; fileEncoding = 4; lastKnownFileType = sourcecode.swift; path = SameNameView.swift; sourceTree = "<group>"; };
		A5D076F51CA4234E003528EE /* SameNameView.xib */ = {isa = PBXFileReference; fileEncoding = 4; lastKnownFileType = file.xib; path = SameNameView.xib; sourceTree = "<group>"; };
		A5D076FE1CA4236F003528EE /* UIViewNibExtensions-Bridging-Header.h */ = {isa = PBXFileReference; lastKnownFileType = sourcecode.c.h; path = "UIViewNibExtensions-Bridging-Header.h"; sourceTree = "<group>"; };
		A5D077001CA42489003528EE /* UIView+NibExtension.swift */ = {isa = PBXFileReference; fileEncoding = 4; lastKnownFileType = sourcecode.swift; path = "UIView+NibExtension.swift"; sourceTree = "<group>"; };
		A5FAB02D1CB93B1700E50FFF /* UIViewNibExtensionsExampleTests-Bridging-Header.h */ = {isa = PBXFileReference; lastKnownFileType = sourcecode.c.h; path = "UIViewNibExtensionsExampleTests-Bridging-Header.h"; sourceTree = "<group>"; };
		A5FAB02E1CB93B1800E50FFF /* UIViewNibExtensionTests.swift */ = {isa = PBXFileReference; fileEncoding = 4; lastKnownFileType = sourcecode.swift; path = UIViewNibExtensionTests.swift; sourceTree = "<group>"; };
		A5FAB0301CB93B7100E50FFF /* AppDelegate.swift */ = {isa = PBXFileReference; fileEncoding = 4; lastKnownFileType = sourcecode.swift; path = AppDelegate.swift; sourceTree = "<group>"; };
/* End PBXFileReference section */

/* Begin PBXFrameworksBuildPhase section */
		A5D076A51CA42241003528EE /* Frameworks */ = {
			isa = PBXFrameworksBuildPhase;
			buildActionMask = 2147483647;
			files = (
			);
			runOnlyForDeploymentPostprocessing = 0;
		};
		A5D076BE1CA42242003528EE /* Frameworks */ = {
			isa = PBXFrameworksBuildPhase;
			buildActionMask = 2147483647;
			files = (
			);
			runOnlyForDeploymentPostprocessing = 0;
		};
/* End PBXFrameworksBuildPhase section */

/* Begin PBXGroup section */
		A5D0769F1CA42241003528EE = {
			isa = PBXGroup;
			children = (
				A59FC1C01FB5DBD10089D00B /* RMUIViewNibExtension.podspec */,
				A5D076FF1CA42489003528EE /* RMUIViewNibExtension */,
				A5D076AA1CA42241003528EE /* UIViewNibExtensionsExample */,
				A5D076C41CA42242003528EE /* UIViewNibExtensionsExampleTests */,
				A5D076A91CA42241003528EE /* Products */,
			);
			sourceTree = "<group>";
		};
		A5D076A91CA42241003528EE /* Products */ = {
			isa = PBXGroup;
			children = (
				A5D076A81CA42241003528EE /* UIViewNibExtensionsExample.app */,
				A5D076C11CA42242003528EE /* UIViewNibExtensionsExampleTests.xctest */,
			);
			name = Products;
			sourceTree = "<group>";
		};
		A5D076AA1CA42241003528EE /* UIViewNibExtensionsExample */ = {
			isa = PBXGroup;
			children = (
				A5D076EE1CA4234E003528EE /* Views */,
				A5D076D01CA42262003528EE /* ViewControllers */,
				A5FAB0301CB93B7100E50FFF /* AppDelegate.swift */,
				A5D076B41CA42241003528EE /* Main.storyboard */,
				A5D076B71CA42241003528EE /* Assets.xcassets */,
				A5D076B91CA42241003528EE /* LaunchScreen.storyboard */,
				A5D076BC1CA42241003528EE /* Info.plist */,
				A5D076FE1CA4236F003528EE /* UIViewNibExtensions-Bridging-Header.h */,
				A5D076AB1CA42241003528EE /* Supporting Files */,
			);
			path = UIViewNibExtensionsExample;
			sourceTree = "<group>";
		};
		A5D076AB1CA42241003528EE /* Supporting Files */ = {
			isa = PBXGroup;
			children = (
			);
			name = "Supporting Files";
			sourceTree = "<group>";
		};
		A5D076C41CA42242003528EE /* UIViewNibExtensionsExampleTests */ = {
			isa = PBXGroup;
			children = (
				A5D076C71CA42242003528EE /* Info.plist */,
				A5FAB02E1CB93B1800E50FFF /* UIViewNibExtensionTests.swift */,
				A5FAB02D1CB93B1700E50FFF /* UIViewNibExtensionsExampleTests-Bridging-Header.h */,
			);
			path = UIViewNibExtensionsExampleTests;
			sourceTree = "<group>";
		};
		A5D076D01CA42262003528EE /* ViewControllers */ = {
			isa = PBXGroup;
			children = (
				A5D076D11CA42262003528EE /* OtherViewController.h */,
				A5D076D21CA42262003528EE /* OtherViewController.m */,
				A5D076D31CA42262003528EE /* ViewController.swift */,
			);
			path = ViewControllers;
			sourceTree = "<group>";
		};
		A5D076EE1CA4234E003528EE /* Views */ = {
			isa = PBXGroup;
			children = (
				A5D076EF1CA4234E003528EE /* DifferentNameView.swift */,
				A5D076F01CA4234E003528EE /* DifferentXibNameView.xib */,
				A5D076F11CA4234E003528EE /* MismatchingTypeXibView.swift */,
				A5D076F21CA4234E003528EE /* MismatchingTypeXibView.xib */,
				A5D076F31CA4234E003528EE /* MissingXibView.swift */,
				A5D076F41CA4234E003528EE /* SameNameView.swift */,
				A5D076F51CA4234E003528EE /* SameNameView.xib */,
			);
			path = Views;
			sourceTree = "<group>";
		};
		A5D076FF1CA42489003528EE /* RMUIViewNibExtension */ = {
			isa = PBXGroup;
			children = (
				A5D077001CA42489003528EE /* UIView+NibExtension.swift */,
			);
			path = RMUIViewNibExtension;
			sourceTree = "<group>";
		};
/* End PBXGroup section */

/* Begin PBXNativeTarget section */
		A5D076A71CA42241003528EE /* UIViewNibExtensionsExample */ = {
			isa = PBXNativeTarget;
			buildConfigurationList = A5D076CA1CA42242003528EE /* Build configuration list for PBXNativeTarget "UIViewNibExtensionsExample" */;
			buildPhases = (
				A5D076A41CA42241003528EE /* Sources */,
				A5D076A51CA42241003528EE /* Frameworks */,
				A5D076A61CA42241003528EE /* Resources */,
			);
			buildRules = (
			);
			dependencies = (
			);
			name = UIViewNibExtensionsExample;
			productName = UIViewNibExtensionsExample;
			productReference = A5D076A81CA42241003528EE /* UIViewNibExtensionsExample.app */;
			productType = "com.apple.product-type.application";
		};
		A5D076C01CA42242003528EE /* UIViewNibExtensionsExampleTests */ = {
			isa = PBXNativeTarget;
			buildConfigurationList = A5D076CD1CA42242003528EE /* Build configuration list for PBXNativeTarget "UIViewNibExtensionsExampleTests" */;
			buildPhases = (
				A5D076BD1CA42242003528EE /* Sources */,
				A5D076BE1CA42242003528EE /* Frameworks */,
				A5D076BF1CA42242003528EE /* Resources */,
			);
			buildRules = (
			);
			dependencies = (
				A5D076C31CA42242003528EE /* PBXTargetDependency */,
			);
			name = UIViewNibExtensionsExampleTests;
			productName = UIViewNibExtensionsExampleTests;
			productReference = A5D076C11CA42242003528EE /* UIViewNibExtensionsExampleTests.xctest */;
			productType = "com.apple.product-type.bundle.unit-test";
		};
/* End PBXNativeTarget section */

/* Begin PBXProject section */
		A5D076A01CA42241003528EE /* Project object */ = {
			isa = PBXProject;
			attributes = {
				LastSwiftUpdateCheck = 0730;
				LastUpgradeCheck = 0910;
				ORGANIZATIONNAME = rumori;
				TargetAttributes = {
					A5D076A71CA42241003528EE = {
						CreatedOnToolsVersion = 7.2;
						LastSwiftMigration = 0910;
					};
					A5D076C01CA42242003528EE = {
						CreatedOnToolsVersion = 7.2;
						LastSwiftMigration = 0910;
						TestTargetID = A5D076A71CA42241003528EE;
					};
				};
			};
			buildConfigurationList = A5D076A31CA42241003528EE /* Build configuration list for PBXProject "UIViewNibExtensionsExample" */;
			compatibilityVersion = "Xcode 3.2";
			developmentRegion = English;
			hasScannedForEncodings = 0;
			knownRegions = (
				en,
				Base,
			);
			mainGroup = A5D0769F1CA42241003528EE;
			productRefGroup = A5D076A91CA42241003528EE /* Products */;
			projectDirPath = "";
			projectRoot = "";
			targets = (
				A5D076A71CA42241003528EE /* UIViewNibExtensionsExample */,
				A5D076C01CA42242003528EE /* UIViewNibExtensionsExampleTests */,
			);
		};
/* End PBXProject section */

/* Begin PBXResourcesBuildPhase section */
		A5D076A61CA42241003528EE /* Resources */ = {
			isa = PBXResourcesBuildPhase;
			buildActionMask = 2147483647;
			files = (
				A5D076F91CA4234E003528EE /* MismatchingTypeXibView.xib in Resources */,
				A5D076BB1CA42241003528EE /* LaunchScreen.storyboard in Resources */,
				A5D076B81CA42241003528EE /* Assets.xcassets in Resources */,
				A5D076FC1CA4234E003528EE /* SameNameView.xib in Resources */,
				A5D076B61CA42241003528EE /* Main.storyboard in Resources */,
				A5D076F71CA4234E003528EE /* DifferentXibNameView.xib in Resources */,
			);
			runOnlyForDeploymentPostprocessing = 0;
		};
		A5D076BF1CA42242003528EE /* Resources */ = {
			isa = PBXResourcesBuildPhase;
			buildActionMask = 2147483647;
			files = (
			);
			runOnlyForDeploymentPostprocessing = 0;
		};
/* End PBXResourcesBuildPhase section */

/* Begin PBXSourcesBuildPhase section */
		A5D076A41CA42241003528EE /* Sources */ = {
			isa = PBXSourcesBuildPhase;
			buildActionMask = 2147483647;
			files = (
				A5D076DC1CA42262003528EE /* OtherViewController.m in Sources */,
				A5D076DD1CA42262003528EE /* ViewController.swift in Sources */,
				A5D076F81CA4234E003528EE /* MismatchingTypeXibView.swift in Sources */,
				A5D076FD1CA42357003528EE /* DifferentNameView.swift in Sources */,
				A5D076FB1CA4234E003528EE /* SameNameView.swift in Sources */,
				A5D077011CA42489003528EE /* UIView+NibExtension.swift in Sources */,
				A5FAB0311CB93B7100E50FFF /* AppDelegate.swift in Sources */,
				A5D076FA1CA4234E003528EE /* MissingXibView.swift in Sources */,
			);
			runOnlyForDeploymentPostprocessing = 0;
		};
		A5D076BD1CA42242003528EE /* Sources */ = {
			isa = PBXSourcesBuildPhase;
			buildActionMask = 2147483647;
			files = (
				A5FAB02F1CB93B1800E50FFF /* UIViewNibExtensionTests.swift in Sources */,
			);
			runOnlyForDeploymentPostprocessing = 0;
		};
/* End PBXSourcesBuildPhase section */

/* Begin PBXTargetDependency section */
		A5D076C31CA42242003528EE /* PBXTargetDependency */ = {
			isa = PBXTargetDependency;
			target = A5D076A71CA42241003528EE /* UIViewNibExtensionsExample */;
			targetProxy = A5D076C21CA42242003528EE /* PBXContainerItemProxy */;
		};
/* End PBXTargetDependency section */

/* Begin PBXVariantGroup section */
		A5D076B41CA42241003528EE /* Main.storyboard */ = {
			isa = PBXVariantGroup;
			children = (
				A5D076B51CA42241003528EE /* Base */,
			);
			name = Main.storyboard;
			sourceTree = "<group>";
		};
		A5D076B91CA42241003528EE /* LaunchScreen.storyboard */ = {
			isa = PBXVariantGroup;
			children = (
				A5D076BA1CA42241003528EE /* Base */,
			);
			name = LaunchScreen.storyboard;
			sourceTree = "<group>";
		};
/* End PBXVariantGroup section */

/* Begin XCBuildConfiguration section */
		A5D076C81CA42242003528EE /* Debug */ = {
			isa = XCBuildConfiguration;
			buildSettings = {
				ALWAYS_SEARCH_USER_PATHS = NO;
				CLANG_CXX_LANGUAGE_STANDARD = "gnu++0x";
				CLANG_CXX_LIBRARY = "libc++";
				CLANG_ENABLE_MODULES = YES;
				CLANG_ENABLE_OBJC_ARC = YES;
				CLANG_WARN_BLOCK_CAPTURE_AUTORELEASING = YES;
				CLANG_WARN_BOOL_CONVERSION = YES;
				CLANG_WARN_COMMA = YES;
				CLANG_WARN_CONSTANT_CONVERSION = YES;
				CLANG_WARN_DIRECT_OBJC_ISA_USAGE = YES_ERROR;
				CLANG_WARN_EMPTY_BODY = YES;
				CLANG_WARN_ENUM_CONVERSION = YES;
				CLANG_WARN_INFINITE_RECURSION = YES;
				CLANG_WARN_INT_CONVERSION = YES;
				CLANG_WARN_NON_LITERAL_NULL_CONVERSION = YES;
				CLANG_WARN_OBJC_LITERAL_CONVERSION = YES;
				CLANG_WARN_OBJC_ROOT_CLASS = YES_ERROR;
				CLANG_WARN_RANGE_LOOP_ANALYSIS = YES;
				CLANG_WARN_STRICT_PROTOTYPES = YES;
				CLANG_WARN_SUSPICIOUS_MOVE = YES;
				CLANG_WARN_UNREACHABLE_CODE = YES;
				CLANG_WARN__DUPLICATE_METHOD_MATCH = YES;
				"CODE_SIGN_IDENTITY[sdk=iphoneos*]" = "iPhone Developer";
				COPY_PHASE_STRIP = NO;
				DEBUG_INFORMATION_FORMAT = dwarf;
				ENABLE_STRICT_OBJC_MSGSEND = YES;
				ENABLE_TESTABILITY = YES;
				GCC_C_LANGUAGE_STANDARD = gnu99;
				GCC_DYNAMIC_NO_PIC = NO;
				GCC_NO_COMMON_BLOCKS = YES;
				GCC_OPTIMIZATION_LEVEL = 0;
				GCC_PREPROCESSOR_DEFINITIONS = (
					"DEBUG=1",
					"$(inherited)",
				);
				GCC_WARN_64_TO_32_BIT_CONVERSION = YES;
				GCC_WARN_ABOUT_RETURN_TYPE = YES_ERROR;
				GCC_WARN_UNDECLARED_SELECTOR = YES;
				GCC_WARN_UNINITIALIZED_AUTOS = YES_AGGRESSIVE;
				GCC_WARN_UNUSED_FUNCTION = YES;
				GCC_WARN_UNUSED_VARIABLE = YES;
				IPHONEOS_DEPLOYMENT_TARGET = 9.2;
				MTL_ENABLE_DEBUG_INFO = YES;
				ONLY_ACTIVE_ARCH = YES;
				SDKROOT = iphoneos;
				SWIFT_OBJC_BRIDGING_HEADER = "UIViewNibExtensionsExample/UIViewNibExtensions-Bridging-Header.h";
			};
			name = Debug;
		};
		A5D076C91CA42242003528EE /* Release */ = {
			isa = XCBuildConfiguration;
			buildSettings = {
				ALWAYS_SEARCH_USER_PATHS = NO;
				CLANG_CXX_LANGUAGE_STANDARD = "gnu++0x";
				CLANG_CXX_LIBRARY = "libc++";
				CLANG_ENABLE_MODULES = YES;
				CLANG_ENABLE_OBJC_ARC = YES;
				CLANG_WARN_BLOCK_CAPTURE_AUTORELEASING = YES;
				CLANG_WARN_BOOL_CONVERSION = YES;
				CLANG_WARN_COMMA = YES;
				CLANG_WARN_CONSTANT_CONVERSION = YES;
				CLANG_WARN_DIRECT_OBJC_ISA_USAGE = YES_ERROR;
				CLANG_WARN_EMPTY_BODY = YES;
				CLANG_WARN_ENUM_CONVERSION = YES;
				CLANG_WARN_INFINITE_RECURSION = YES;
				CLANG_WARN_INT_CONVERSION = YES;
				CLANG_WARN_NON_LITERAL_NULL_CONVERSION = YES;
				CLANG_WARN_OBJC_LITERAL_CONVERSION = YES;
				CLANG_WARN_OBJC_ROOT_CLASS = YES_ERROR;
				CLANG_WARN_RANGE_LOOP_ANALYSIS = YES;
				CLANG_WARN_STRICT_PROTOTYPES = YES;
				CLANG_WARN_SUSPICIOUS_MOVE = YES;
				CLANG_WARN_UNREACHABLE_CODE = YES;
				CLANG_WARN__DUPLICATE_METHOD_MATCH = YES;
				"CODE_SIGN_IDENTITY[sdk=iphoneos*]" = "iPhone Developer";
				COPY_PHASE_STRIP = NO;
				DEBUG_INFORMATION_FORMAT = "dwarf-with-dsym";
				ENABLE_NS_ASSERTIONS = NO;
				ENABLE_STRICT_OBJC_MSGSEND = YES;
				GCC_C_LANGUAGE_STANDARD = gnu99;
				GCC_NO_COMMON_BLOCKS = YES;
				GCC_WARN_64_TO_32_BIT_CONVERSION = YES;
				GCC_WARN_ABOUT_RETURN_TYPE = YES_ERROR;
				GCC_WARN_UNDECLARED_SELECTOR = YES;
				GCC_WARN_UNINITIALIZED_AUTOS = YES_AGGRESSIVE;
				GCC_WARN_UNUSED_FUNCTION = YES;
				GCC_WARN_UNUSED_VARIABLE = YES;
				IPHONEOS_DEPLOYMENT_TARGET = 9.2;
				MTL_ENABLE_DEBUG_INFO = NO;
				SDKROOT = iphoneos;
				SWIFT_OBJC_BRIDGING_HEADER = "UIViewNibExtensionsExample/UIViewNibExtensions-Bridging-Header.h";
				SWIFT_OPTIMIZATION_LEVEL = "-Owholemodule";
				VALIDATE_PRODUCT = YES;
			};
			name = Release;
		};
		A5D076CB1CA42242003528EE /* Debug */ = {
			isa = XCBuildConfiguration;
			buildSettings = {
				ASSETCATALOG_COMPILER_APPICON_NAME = AppIcon;
				INFOPLIST_FILE = UIViewNibExtensionsExample/Info.plist;
				LD_RUNPATH_SEARCH_PATHS = "$(inherited) @executable_path/Frameworks";
				PRODUCT_BUNDLE_IDENTIFIER = hu.rumori.UIViewNibExtensionsExample;
				PRODUCT_NAME = "$(TARGET_NAME)";
				SWIFT_VERSION = 4.0;
			};
			name = Debug;
		};
		A5D076CC1CA42242003528EE /* Release */ = {
			isa = XCBuildConfiguration;
			buildSettings = {
				ASSETCATALOG_COMPILER_APPICON_NAME = AppIcon;
				INFOPLIST_FILE = UIViewNibExtensionsExample/Info.plist;
				LD_RUNPATH_SEARCH_PATHS = "$(inherited) @executable_path/Frameworks";
				PRODUCT_BUNDLE_IDENTIFIER = hu.rumori.UIViewNibExtensionsExample;
				PRODUCT_NAME = "$(TARGET_NAME)";
				SWIFT_VERSION = 4.0;
			};
			name = Release;
		};
		A5D076CE1CA42242003528EE /* Debug */ = {
			isa = XCBuildConfiguration;
			buildSettings = {
				BUNDLE_LOADER = "$(TEST_HOST)";
				CLANG_ENABLE_MODULES = YES;
				INFOPLIST_FILE = UIViewNibExtensionsExampleTests/Info.plist;
				LD_RUNPATH_SEARCH_PATHS = "$(inherited) @executable_path/Frameworks @loader_path/Frameworks";
				PRODUCT_BUNDLE_IDENTIFIER = hu.rumori.UIViewNibExtensionsExampleTests;
				PRODUCT_NAME = "$(TARGET_NAME)";
				SWIFT_OBJC_BRIDGING_HEADER = "UIViewNibExtensionsExampleTests/UIViewNibExtensionsExampleTests-Bridging-Header.h";
				SWIFT_OPTIMIZATION_LEVEL = "-Onone";
				SWIFT_SWIFT3_OBJC_INFERENCE = On;
				SWIFT_VERSION = 4.0;
				TEST_HOST = "$(BUILT_PRODUCTS_DIR)/UIViewNibExtensionsExample.app/UIViewNibExtensionsExample";
			};
			name = Debug;
		};
		A5D076CF1CA42242003528EE /* Release */ = {
			isa = XCBuildConfiguration;
			buildSettings = {
				BUNDLE_LOADER = "$(TEST_HOST)";
				CLANG_ENABLE_MODULES = YES;
				INFOPLIST_FILE = UIViewNibExtensionsExampleTests/Info.plist;
				LD_RUNPATH_SEARCH_PATHS = "$(inherited) @executable_path/Frameworks @loader_path/Frameworks";
				PRODUCT_BUNDLE_IDENTIFIER = hu.rumori.UIViewNibExtensionsExampleTests;
				PRODUCT_NAME = "$(TARGET_NAME)";
				SWIFT_OBJC_BRIDGING_HEADER = "UIViewNibExtensionsExampleTests/UIViewNibExtensionsExampleTests-Bridging-Header.h";
				SWIFT_SWIFT3_OBJC_INFERENCE = On;
				SWIFT_VERSION = 4.0;
				TEST_HOST = "$(BUILT_PRODUCTS_DIR)/UIViewNibExtensionsExample.app/UIViewNibExtensionsExample";
			};
			name = Release;
		};
/* End XCBuildConfiguration section */

/* Begin XCConfigurationList section */
		A5D076A31CA42241003528EE /* Build configuration list for PBXProject "UIViewNibExtensionsExample" */ = {
			isa = XCConfigurationList;
			buildConfigurations = (
				A5D076C81CA42242003528EE /* Debug */,
				A5D076C91CA42242003528EE /* Release */,
			);
			defaultConfigurationIsVisible = 0;
			defaultConfigurationName = Release;
		};
		A5D076CA1CA42242003528EE /* Build configuration list for PBXNativeTarget "UIViewNibExtensionsExample" */ = {
			isa = XCConfigurationList;
			buildConfigurations = (
				A5D076CB1CA42242003528EE /* Debug */,
				A5D076CC1CA42242003528EE /* Release */,
			);
			defaultConfigurationIsVisible = 0;
			defaultConfigurationName = Release;
		};
		A5D076CD1CA42242003528EE /* Build configuration list for PBXNativeTarget "UIViewNibExtensionsExampleTests" */ = {
			isa = XCConfigurationList;
			buildConfigurations = (
				A5D076CE1CA42242003528EE /* Debug */,
				A5D076CF1CA42242003528EE /* Release */,
			);
			defaultConfigurationIsVisible = 0;
			defaultConfigurationName = Release;
		};
/* End XCConfigurationList section */
	};
	rootObject = A5D076A01CA42241003528EE /* Project object */;
}
